# THIS IS AN AUTOGENERATED FILE. DO NOT EDIT THIS FILE DIRECTLY.
# yarn lockfile v1


"@babel/parser@^7.16.4":
  version "7.17.3"
  resolved "https://registry.yarnpkg.com/@babel/parser/-/parser-7.17.3.tgz#b07702b982990bf6fdc1da5049a23fece4c5c3d0"
  integrity sha512-7yJPvPV+ESz2IUTPbOL+YkIGyCqOyNIzdguKQuJGnH7bg1WTIifuM21YqokFt/THWh1AkCRn9IgoykTRCBVpzA==

"@vitejs/plugin-vue@^2.2.0":
  version "2.2.4"
  resolved "https://registry.yarnpkg.com/@vitejs/plugin-vue/-/plugin-vue-2.2.4.tgz#ab8b199ca82496b05d2654c5f34ffcf9b947243d"
  integrity sha512-ev9AOlp0ljCaDkFZF3JwC/pD2N4Hh+r5srl5JHM6BKg5+99jiiK0rE/XaRs3pVm1wzyKkjUy/StBSoXX5fFzcw==

"@vue/compiler-core@3.2.31":
  version "3.2.31"
  resolved "https://registry.yarnpkg.com/@vue/compiler-core/-/compiler-core-3.2.31.tgz#d38f06c2cf845742403b523ab4596a3fda152e89"
  integrity sha512-aKno00qoA4o+V/kR6i/pE+aP+esng5siNAVQ422TkBNM6qA4veXiZbSe8OTXHXquEi/f6Akc+nLfB4JGfe4/WQ==
  dependencies:
    "@babel/parser" "^7.16.4"
    "@vue/shared" "3.2.31"
    estree-walker "^2.0.2"
    source-map "^0.6.1"

"@vue/compiler-dom@3.2.31":
  version "3.2.31"
  resolved "https://registry.yarnpkg.com/@vue/compiler-dom/-/compiler-dom-3.2.31.tgz#b1b7dfad55c96c8cc2b919cd7eb5fd7e4ddbf00e"
  integrity sha512-60zIlFfzIDf3u91cqfqy9KhCKIJgPeqxgveH2L+87RcGU/alT6BRrk5JtUso0OibH3O7NXuNOQ0cDc9beT0wrg==
  dependencies:
    "@vue/compiler-core" "3.2.31"
    "@vue/shared" "3.2.31"

"@vue/compiler-sfc@3.2.31":
  version "3.2.31"
  resolved "https://registry.yarnpkg.com/@vue/compiler-sfc/-/compiler-sfc-3.2.31.tgz#d02b29c3fe34d599a52c5ae1c6937b4d69f11c2f"
  integrity sha512-748adc9msSPGzXgibHiO6T7RWgfnDcVQD+VVwYgSsyyY8Ans64tALHZANrKtOzvkwznV/F4H7OAod/jIlp/dkQ==
  dependencies:
    "@babel/parser" "^7.16.4"
    "@vue/compiler-core" "3.2.31"
    "@vue/compiler-dom" "3.2.31"
    "@vue/compiler-ssr" "3.2.31"
    "@vue/reactivity-transform" "3.2.31"
    "@vue/shared" "3.2.31"
    estree-walker "^2.0.2"
    magic-string "^0.25.7"
    postcss "^8.1.10"
    source-map "^0.6.1"

"@vue/compiler-ssr@3.2.31":
  version "3.2.31"
  resolved "https://registry.yarnpkg.com/@vue/compiler-ssr/-/compiler-ssr-3.2.31.tgz#4fa00f486c9c4580b40a4177871ebbd650ecb99c"
  integrity sha512-mjN0rqig+A8TVDnsGPYJM5dpbjlXeHUm2oZHZwGyMYiGT/F4fhJf/cXy8QpjnLQK4Y9Et4GWzHn9PS8AHUnSkw==
  dependencies:
    "@vue/compiler-dom" "3.2.31"
    "@vue/shared" "3.2.31"

"@vue/reactivity-transform@3.2.31":
  version "3.2.31"
  resolved "https://registry.yarnpkg.com/@vue/reactivity-transform/-/reactivity-transform-3.2.31.tgz#0f5b25c24e70edab2b613d5305c465b50fc00911"
  integrity sha512-uS4l4z/W7wXdI+Va5pgVxBJ345wyGFKvpPYtdSgvfJfX/x2Ymm6ophQlXXB6acqGHtXuBqNyyO3zVp9b1r0MOA==
  dependencies:
    "@babel/parser" "^7.16.4"
    "@vue/compiler-core" "3.2.31"
    "@vue/shared" "3.2.31"
    estree-walker "^2.0.2"
    magic-string "^0.25.7"

"@vue/reactivity@3.2.31":
  version "3.2.31"
  resolved "https://registry.yarnpkg.com/@vue/reactivity/-/reactivity-3.2.31.tgz#fc90aa2cdf695418b79e534783aca90d63a46bbd"
  integrity sha512-HVr0l211gbhpEKYr2hYe7hRsV91uIVGFYNHj73njbARVGHQvIojkImKMaZNDdoDZOIkMsBc9a1sMqR+WZwfSCw==
  dependencies:
    "@vue/shared" "3.2.31"

"@vue/runtime-core@3.2.31":
  version "3.2.31"
  resolved "https://registry.yarnpkg.com/@vue/runtime-core/-/runtime-core-3.2.31.tgz#9d284c382f5f981b7a7b5971052a1dc4ef39ac7a"
  integrity sha512-Kcog5XmSY7VHFEMuk4+Gap8gUssYMZ2+w+cmGI6OpZWYOEIcbE0TPzzPHi+8XTzAgx1w/ZxDFcXhZeXN5eKWsA==
  dependencies:
    "@vue/reactivity" "3.2.31"
    "@vue/shared" "3.2.31"

"@vue/runtime-dom@3.2.31":
  version "3.2.31"
  resolved "https://registry.yarnpkg.com/@vue/runtime-dom/-/runtime-dom-3.2.31.tgz#79ce01817cb3caf2c9d923f669b738d2d7953eff"
  integrity sha512-N+o0sICVLScUjfLG7u9u5XCjvmsexAiPt17GNnaWHJUfsKed5e85/A3SWgKxzlxx2SW/Hw7RQxzxbXez9PtY3g==
  dependencies:
    "@vue/runtime-core" "3.2.31"
    "@vue/shared" "3.2.31"
    csstype "^2.6.8"

"@vue/server-renderer@3.2.31":
  version "3.2.31"
  resolved "https://registry.yarnpkg.com/@vue/server-renderer/-/server-renderer-3.2.31.tgz#201e9d6ce735847d5989403af81ef80960da7141"
  integrity sha512-8CN3Zj2HyR2LQQBHZ61HexF5NReqngLT3oahyiVRfSSvak+oAvVmu8iNLSu6XR77Ili2AOpnAt1y8ywjjqtmkg==
  dependencies:
    "@vue/compiler-ssr" "3.2.31"
    "@vue/shared" "3.2.31"

"@vue/shared@3.2.31":
  version "3.2.31"
  resolved "https://registry.yarnpkg.com/@vue/shared/-/shared-3.2.31.tgz#c90de7126d833dcd3a4c7534d534be2fb41faa4e"
  integrity sha512-ymN2pj6zEjiKJZbrf98UM2pfDd6F2H7ksKw7NDt/ZZ1fh5Ei39X5tABugtT03ZRlWd9imccoK0hE8hpjpU7irQ==

csstype@^2.6.8:
  version "2.6.20"
  resolved "https://registry.yarnpkg.com/csstype/-/csstype-2.6.20.tgz#9229c65ea0b260cf4d3d997cb06288e36a8d6dda"
  integrity sha512-/WwNkdXfckNgw6S5R125rrW8ez139lBHWouiBvX8dfMFtcn6V81REDqnH7+CRpRipfYlyU1CmOnOxrmGcFOjeA==

esbuild-android-64@0.14.26:
  version "0.14.26"
  resolved "https://registry.yarnpkg.com/esbuild-android-64/-/esbuild-android-64-0.14.26.tgz#c5cc52e1372b680e3e782583fa826b248a550a3d"
  integrity sha512-HIyJ3VvigHfseaI0D+vsD8zKQ4roDUD962/vtO/KXzav6wR//Y//Qx1HUX8k5bQeQ7/0yCXlltY9VBw1MFnWFQ==

esbuild-android-arm64@0.14.26:
  version "0.14.26"
  resolved "https://registry.yarnpkg.com/esbuild-android-arm64/-/esbuild-android-arm64-0.14.26.tgz#675695134565b0a39d8e3f7a0bd0f4c1ddea5f29"
  integrity sha512-TxRCLxyU5yj3U8Bud9fCg3IxzIXXKaWcmDbvURm8JkRr0WvCAmwZBdLi5T8BasT1v5vrVE//M0KSHZod6HC6lA==

esbuild-darwin-64@0.14.26:
  version "0.14.26"
  resolved "https://registry.yarnpkg.com/esbuild-darwin-64/-/esbuild-darwin-64-0.14.26.tgz#7d83ba28bf178d21645b8118cb3280aad84e30ff"
  integrity sha512-oZJBN+CkR47Fc7KB1vowZy2kb5r+WSnsBjVEw7aI8HmR6louAgTr4bs1NwzaF6MbLi41ajaw6RdipfsM1H9PvQ==

esbuild-darwin-arm64@0.14.26:
  version "0.14.26"
  resolved "https://registry.yarnpkg.com/esbuild-darwin-arm64/-/esbuild-darwin-arm64-0.14.26.tgz#4567ade51ba2f5f46c32a5b08880a93c7a683440"
  integrity sha512-eYW+cmP3BGVPDp+wd9bRI5CN5HjkZnrMQtj46Mj//UsSh4SRvflAp3pjs3ooA+MCpIa9xZ8091HqLqpYi7KFWA==

esbuild-freebsd-64@0.14.26:
  version "0.14.26"
  resolved "https://registry.yarnpkg.com/esbuild-freebsd-64/-/esbuild-freebsd-64-0.14.26.tgz#e03526cd6e5e06e6b3ba405524d62b486bd5519a"
  integrity sha512-Q+Hs27fSBkNfUHNhphSyWfF5lxl3o9S6LFlzkC5KofxLCnCESP+7YTzAWTosYGANsPT2mvYFOraFeYEokG+5DA==

esbuild-freebsd-arm64@0.14.26:
  version "0.14.26"
  resolved "https://registry.yarnpkg.com/esbuild-freebsd-arm64/-/esbuild-freebsd-arm64-0.14.26.tgz#7ddbbefdb51edcc48158aa8752041090a1e54f22"
  integrity sha512-MT+FuC/63oz6j/jvWOMCNqnHBYm/bNhGPArUgQX8GRhofFCeqe0NRmJbhtlHZaEeErIIjHPZQ/nXs34mfiqo/Q==

esbuild-linux-32@0.14.26:
  version "0.14.26"
  resolved "https://registry.yarnpkg.com/esbuild-linux-32/-/esbuild-linux-32-0.14.26.tgz#82d8c050dac0d1103dec2ad6537e419dc2247476"
  integrity sha512-9gqSfJ8qMDvz7wXZoinNoe9/ekPpbT+/ZgVfZEeB72ETITVPHvMbG8i0E12wG366G01vMXtlxbD9IYJsMVhe6w==

esbuild-linux-64@0.14.26:
  version "0.14.26"
  resolved "https://registry.yarnpkg.com/esbuild-linux-64/-/esbuild-linux-64-0.14.26.tgz#f06b38cc28d84c688b587a54125c0122bf871c07"
  integrity sha512-aPku1lCxxXmBr5LkENSlGIbY33jjQExDzaSrNV+dDA5bHXhFnpI9UkSe+vQzrSkxgO66vNjSTNDcxg3pOXBaBw==

esbuild-linux-arm64@0.14.26:
  version "0.14.26"
  resolved "https://registry.yarnpkg.com/esbuild-linux-arm64/-/esbuild-linux-arm64-0.14.26.tgz#235a70b2f71933f814e8b14531c584974b52d972"
  integrity sha512-S0boyzv5Yx+IN1A8253nEPzHqn/W/y+CRcLYFZ1E5DscqkY7EvBao6rhff3ZxaHU9Zrkn0pLVqlJdMx3rm6D4Q==

esbuild-linux-arm@0.14.26:
  version "0.14.26"
  resolved "https://registry.yarnpkg.com/esbuild-linux-arm/-/esbuild-linux-arm-0.14.26.tgz#709a303ae0794457d6c41d0df4f3fafb9de24b1d"
  integrity sha512-m7ozLQozfgBmh9l3HWxDEVYEEG8GuTqzRoFuf9iX0xAlbtqmhhlm7M4zNMa2eyPEG+ejgHndAuvuB1hcOWvdJw==

esbuild-linux-mips64le@0.14.26:
  version "0.14.26"
  resolved "https://registry.yarnpkg.com/esbuild-linux-mips64le/-/esbuild-linux-mips64le-0.14.26.tgz#b1a26af4e33d36dafea7579f876c5e2041c2236e"
  integrity sha512-TyMRc2ctQV1g9ruHg1Y793e18uDigKKsgzcZPzfxZi2z+hGK1uaSdaejGdULEJBJVMXt3/NC1T1yq0vCTiYYgg==

esbuild-linux-ppc64le@0.14.26:
  version "0.14.26"
  resolved "https://registry.yarnpkg.com/esbuild-linux-ppc64le/-/esbuild-linux-ppc64le-0.14.26.tgz#1de1b2e5d93e3327b3a66520722ed8cb7d8d606a"
  integrity sha512-aOJPP80m2gV8CyDqEMGbwZaGKuR45tZU1qYZ0+Cy8lWV4CWmd9iBWhCLP3eI9d7163m6t+0YO/6N3iLSVlNnpA==

esbuild-linux-riscv64@0.14.26:
  version "0.14.26"
  resolved "https://registry.yarnpkg.com/esbuild-linux-riscv64/-/esbuild-linux-riscv64-0.14.26.tgz#4dc147218a2ed5c796fe1abc832703fd4e991108"
  integrity sha512-2E5xK7SNZFXhFzRbZGtUqg3MbHnrx5XzqHaGLOLdHBqOSWIAdJKB3w6WtjpLkZvPuWrKeh51XnRpk1jm0TsUjQ==

esbuild-linux-s390x@0.14.26:
  version "0.14.26"
  resolved "https://registry.yarnpkg.com/esbuild-linux-s390x/-/esbuild-linux-s390x-0.14.26.tgz#12affff5f2d820e238cc5aa9aa7fd5f8f53c8d64"
  integrity sha512-kfSuFea857mTYMp/RAFmMp9TBjf1T8F/dTRqLn2p+g8Ok30Cp1+mI2+YCmxz5Uw2JOfxyvpND0Ek1PGPMo1UsQ==

esbuild-netbsd-64@0.14.26:
  version "0.14.26"
  resolved "https://registry.yarnpkg.com/esbuild-netbsd-64/-/esbuild-netbsd-64-0.14.26.tgz#7a1a0962f0c15e5ff945004626e9f038da0076bb"
  integrity sha512-tWhLwfOOqdZRwvaSYIWuic9Cj+WRRCLHe//Bmlf0ThBur9/EssRTtVh6/rC2Okp7Eb4QcerA/1wjWLYLECYD7g==

esbuild-openbsd-64@0.14.26:
  version "0.14.26"
  resolved "https://registry.yarnpkg.com/esbuild-openbsd-64/-/esbuild-openbsd-64-0.14.26.tgz#68e2949986fba77f17dfb86ee5b4e1f37cd302ca"
  integrity sha512-Xj7IWpsPn/hgKNzwjLpnf6wMtV0lfw5bzn7N9vmiCKx9TBA28L2hI8G15O0s9atLKny4HpmCGwZWmReNF1Ui6g==

esbuild-sunos-64@0.14.26:
  version "0.14.26"
  resolved "https://registry.yarnpkg.com/esbuild-sunos-64/-/esbuild-sunos-64-0.14.26.tgz#a5c7930a7e86b7bd696aaf8379fd761d4feb1332"
  integrity sha512-5odPsuhghCUYc3c1gEtz6pGq9cuGRDq1+iNdLBjZcz6IUebd0ay/AVORWchs5WddzyJA9hguxrKsPjECxX6OzQ==

esbuild-windows-32@0.14.26:
  version "0.14.26"
  resolved "https://registry.yarnpkg.com/esbuild-windows-32/-/esbuild-windows-32-0.14.26.tgz#3eb5b7702355487e5939992f2cff2b0afdee9aa1"
  integrity sha512-xSVyGV6xGQlAC/K+oBXC9YiGGqoKqQGXVEFQKlDGXD6rxHGK5Fch0ynuvkjaYWW/p8OWqxGVYcof5BvGjY49RA==

esbuild-windows-64@0.14.26:
  version "0.14.26"
  resolved "https://registry.yarnpkg.com/esbuild-windows-64/-/esbuild-windows-64-0.14.26.tgz#7fb4bf6e1ad27ecd463294df6ad60b27c9f09197"
  integrity sha512-Q0Bm42+wIqHJ8yF96T7nXosILXROegRtMmuI1L0kry0YBHnCFMtjNRTyUwv8yi7o2XvVYh7DF0NHLDL4N34MuA==

esbuild-windows-arm64@0.14.26:
  version "0.14.26"
  resolved "https://registry.yarnpkg.com/esbuild-windows-arm64/-/esbuild-windows-arm64-0.14.26.tgz#3bff0b46a884ff8de3f6f5a82b171b08012b78e0"
  integrity sha512-+l0DB0VV4LiSoDfNsGviK/2M88IR+/fOUfQoQx08RPu7OZ7gv9BqhRLZCSCT4qHT351OTH1nPv7avRXX6JRQcg==

esbuild@^0.14.14:
  version "0.14.26"
  resolved "https://registry.yarnpkg.com/esbuild/-/esbuild-0.14.26.tgz#c83493ef55163d976241cc8ed077baf991f21201"
  integrity sha512-v0zIYlFB9NZ82/hFljhvpA7f8rob66r68ymB7juMz6TYAAMYjKGoW+hrMfRRvic5MAOI2wE/SuykFvsELLa6eA==
  optionalDependencies:
    esbuild-android-64 "0.14.26"
    esbuild-android-arm64 "0.14.26"
    esbuild-darwin-64 "0.14.26"
    esbuild-darwin-arm64 "0.14.26"
    esbuild-freebsd-64 "0.14.26"
    esbuild-freebsd-arm64 "0.14.26"
    esbuild-linux-32 "0.14.26"
    esbuild-linux-64 "0.14.26"
    esbuild-linux-arm "0.14.26"
    esbuild-linux-arm64 "0.14.26"
    esbuild-linux-mips64le "0.14.26"
    esbuild-linux-ppc64le "0.14.26"
    esbuild-linux-riscv64 "0.14.26"
    esbuild-linux-s390x "0.14.26"
    esbuild-netbsd-64 "0.14.26"
    esbuild-openbsd-64 "0.14.26"
    esbuild-sunos-64 "0.14.26"
    esbuild-windows-32 "0.14.26"
    esbuild-windows-64 "0.14.26"
    esbuild-windows-arm64 "0.14.26"

estree-walker@^2.0.2:
  version "2.0.2"
  resolved "https://registry.yarnpkg.com/estree-walker/-/estree-walker-2.0.2.tgz#52f010178c2a4c117a7757cfe942adb7d2da4cac"
  integrity sha512-Rfkk/Mp/DL7JVje3u18FxFujQlTNR2q6QfMSMB7AvCBx91NGj/ba3kCfza0f6dVDbw7YlRf/nDrn7pQrCCyQ/w==

fsevents@~2.3.2:
  version "2.3.2"
  resolved "https://registry.yarnpkg.com/fsevents/-/fsevents-2.3.2.tgz#8a526f78b8fdf4623b709e0b975c52c24c02fd1a"
  integrity sha512-xiqMQR4xAeHTuB9uWm+fFRcIOgKBMiOBP+eXiyT7jsgVCq1bkVygt00oASowB7EdtpOHaaPgKt812P9ab+DDKA==

function-bind@^1.1.1:
  version "1.1.1"
  resolved "https://registry.yarnpkg.com/function-bind/-/function-bind-1.1.1.tgz#a56899d3ea3c9bab874bb9773b7c5ede92f4895d"
  integrity sha512-yIovAzMX49sF8Yl58fSCWJ5svSLuaibPxXQJFLmBObTuCr0Mf1KiPopGM9NiFjiYBCbfaa2Fh6breQ6ANVTI0A==

has@^1.0.3:
  version "1.0.3"
  resolved "https://registry.yarnpkg.com/has/-/has-1.0.3.tgz#722d7cbfc1f6aa8241f16dd814e011e1f41e8796"
  integrity sha512-f2dvO0VU6Oej7RkWJGrehjbzMAjFp5/VKPp5tTpWIV4JHHZK1/BxbFRtf/siA2SWTe09caDmVtYYzWEIbBS4zw==
  dependencies:
    function-bind "^1.1.1"

is-core-module@^2.8.1:
  version "2.8.1"
  resolved "https://registry.yarnpkg.com/is-core-module/-/is-core-module-2.8.1.tgz#f59fdfca701d5879d0a6b100a40aa1560ce27211"
  integrity sha512-SdNCUs284hr40hFTFP6l0IfZ/RSrMXF3qgoRHd3/79unUTvrFO/JoXwkGm+5J/Oe3E/b5GsnG330uUNgRpu1PA==
  dependencies:
    has "^1.0.3"

magic-string@^0.25.7:
  version "0.25.9"
  resolved "https://registry.yarnpkg.com/magic-string/-/magic-string-0.25.9.tgz#de7f9faf91ef8a1c91d02c2e5314c8277dbcdd1c"
  integrity sha512-RmF0AsMzgt25qzqqLc1+MbHmhdx0ojF2Fvs4XnOqz2ZOBXzzkEwc/dJQZCYHAn7v1jbVOjAZfK8msRn4BxO4VQ==
  dependencies:
    sourcemap-codec "^1.4.8"

nanoid@^3.3.1:
  version "3.3.1"
  resolved "https://registry.yarnpkg.com/nanoid/-/nanoid-3.3.1.tgz#6347a18cac88af88f58af0b3594b723d5e99bb35"
  integrity sha512-n6Vs/3KGyxPQd6uO0eH4Bv0ojGSUvuLlIHtC3Y0kEO23YRge8H9x1GCzLn28YX0H66pMkxuaeESFq4tKISKwdw==

path-parse@^1.0.7:
  version "1.0.7"
  resolved "https://registry.yarnpkg.com/path-parse/-/path-parse-1.0.7.tgz#fbc114b60ca42b30d9daf5858e4bd68bbedb6735"
  integrity sha512-LDJzPVEEEPR+y48z93A0Ed0yXb8pAByGWo/k5YYdYgpY2/2EsOsksJrq7lOHxryrVOn1ejG6oAp8ahvOIQD8sw==

picocolors@^1.0.0:
  version "1.0.0"
  resolved "https://registry.yarnpkg.com/picocolors/-/picocolors-1.0.0.tgz#cb5bdc74ff3f51892236eaf79d68bc44564ab81c"
  integrity sha512-1fygroTLlHu66zi26VoTDv8yRgm0Fccecssto+MhsZ0D/DGW2sm8E8AjW7NU5VVTRt5GxbeZ5qBuJr+HyLYkjQ==

postcss@^8.1.10, postcss@^8.4.6:
  version "8.4.8"
  resolved "https://registry.yarnpkg.com/postcss/-/postcss-8.4.8.tgz#dad963a76e82c081a0657d3a2f3602ce10c2e032"
  integrity sha512-2tXEqGxrjvAO6U+CJzDL2Fk2kPHTv1jQsYkSoMeOis2SsYaXRO2COxTdQp99cYvif9JTXaAk9lYGc3VhJt7JPQ==
  dependencies:
    nanoid "^3.3.1"
    picocolors "^1.0.0"
    source-map-js "^1.0.2"

resolve@^1.22.0:
  version "1.22.0"
  resolved "https://registry.yarnpkg.com/resolve/-/resolve-1.22.0.tgz#5e0b8c67c15df57a89bdbabe603a002f21731198"
  integrity sha512-Hhtrw0nLeSrFQ7phPp4OOcVjLPIeMnRlr5mcnVuMe7M/7eBn98A3hmFRLoFo3DLZkivSYwhRUJTyPyWAk56WLw==
  dependencies:
    is-core-module "^2.8.1"
    path-parse "^1.0.7"
    supports-preserve-symlinks-flag "^1.0.0"

rollup@^2.59.0:
  version "2.70.1"
  resolved "https://registry.yarnpkg.com/rollup/-/rollup-2.70.1.tgz#824b1f1f879ea396db30b0fc3ae8d2fead93523e"
  integrity sha512-CRYsI5EuzLbXdxC6RnYhOuRdtz4bhejPMSWjsFLfVM/7w/85n2szZv6yExqUXsBdz5KT8eoubeyDUDjhLHEslA==
  optionalDependencies:
    fsevents "~2.3.2"

source-map-js@^1.0.2:
  version "1.0.2"
  resolved "https://registry.yarnpkg.com/source-map-js/-/source-map-js-1.0.2.tgz#adbc361d9c62df380125e7f161f71c826f1e490c"
  integrity sha512-R0XvVJ9WusLiqTCEiGCmICCMplcCkIwwR11mOSD9CR5u+IXYdiseeEuXCVAjS54zqwkLcPNnmU4OeJ6tUrWhDw==

source-map@^0.6.1:
  version "0.6.1"
  resolved "https://registry.yarnpkg.com/source-map/-/source-map-0.6.1.tgz#74722af32e9614e9c287a8d0bbde48b5e2f1a263"
  integrity sha512-UjgapumWlbMhkBgzT7Ykc5YXUT46F0iKu8SGXq0bcwP5dz/h0Plj6enJqjz1Zbq2l5WaqYnrVbwWOWMyF3F47g==

sourcemap-codec@^1.4.8:
  version "1.4.8"
  resolved "https://registry.yarnpkg.com/sourcemap-codec/-/sourcemap-codec-1.4.8.tgz#ea804bd94857402e6992d05a38ef1ae35a9ab4c4"
  integrity sha512-9NykojV5Uih4lgo5So5dtw+f0JgJX30KCNI8gwhz2J9A15wD0Ml6tjHKwf6fTSa6fAdVBdZeNOs9eJ71qCk8vA==

supports-preserve-symlinks-flag@^1.0.0:
  version "1.0.0"
  resolved "https://registry.yarnpkg.com/supports-preserve-symlinks-flag/-/supports-preserve-symlinks-flag-1.0.0.tgz#6eda4bd344a3c94aea376d4cc31bc77311039e09"
  integrity sha512-ot0WnXS9fgdkgIcePe6RHNk1WA8+muPa6cSjeR3V8K27q9BB1rTE3R1p7Hv0z1ZyAc8s6Vvv8DIyWf681MAt0w==

vite@^2.8.0:
  version "2.8.6"
  resolved "https://registry.yarnpkg.com/vite/-/vite-2.8.6.tgz#32d50e23c99ca31b26b8ccdc78b1d72d4d7323d3"
  integrity sha512-e4H0QpludOVKkmOsRyqQ7LTcMUDF3mcgyNU4lmi0B5JUbe0ZxeBBl8VoZ8Y6Rfn9eFKYtdXNPcYK97ZwH+K2ug==
  dependencies:
    esbuild "^0.14.14"
    postcss "^8.4.6"
    resolve "^1.22.0"
    rollup "^2.59.0"
  optionalDependencies:
    fsevents "~2.3.2"

vue@^3.2.25:
  version "3.2.31"
  resolved "https://registry.yarnpkg.com/vue/-/vue-3.2.31.tgz#e0c49924335e9f188352816788a4cca10f817ce6"
  integrity sha512-odT3W2tcffTiQCy57nOT93INw1auq5lYLLYtWpPYQQYQOOdHiqFct9Xhna6GJ+pJQaF67yZABraH47oywkJgFw==
  dependencies:
    "@vue/compiler-dom" "3.2.31"
    "@vue/compiler-sfc" "3.2.31"
    "@vue/runtime-dom" "3.2.31"
    "@vue/server-renderer" "3.2.31"
    "@vue/shared" "3.2.31"
